
Microsoft Visual Studio Solution File, Format Version 12.00
# Visual Studio 14
VisualStudioVersion = 14.0.25420.1
MinimumVisualStudioVersion = 10.0.40219.1
Project("{FAE04EC0-301F-11D3-BF4B-00C04F79EFBC}") = "API-WEB_AngularJS", "API-WEB_AngularJS\API-WEB_AngularJS.csproj", "{7FFAA8C2-18DA-46B8-A372-DE7271EF9CD5}"
EndProject
Project("{FAE04EC0-301F-11D3-BF4B-00C04F79EFBC}") = "API-WEB_AngularJS.Tests", "API-WEB_AngularJS.Tests\API-WEB_AngularJS.Tests.csproj", "{A76D481C-B837-44A7-9FE9-425A3838A77D}"
EndProject
Global
	GlobalSection(SolutionConfigurationPlatforms) = preSolution
		Debug|Any CPU = Debug|Any CPU
		Release|Any CPU = Release|Any CPU
	EndGlobalSection
	GlobalSection(ProjectConfigurationPlatforms) = postSolution
		{7FFAA8C2-18DA-46B8-A372-DE7271EF9CD5}.Debug|Any CPU.ActiveCfg = Debug|Any CPU
		{7FFAA8C2-18DA-46B8-A372-DE7271EF9CD5}.Debug|Any CPU.Build.0 = Debug|Any CPU
		{7FFAA8C2-18DA-46B8-A372-DE7271EF9CD5}.Release|Any CPU.ActiveCfg = Release|Any CPU
		{7FFAA8C2-18DA-46B8-A372-DE7271EF9CD5}.Release|Any CPU.Build.0 = Release|Any CPU
		{A76D481C-B837-44A7-9FE9-425A3838A77D}.Debug|Any CPU.ActiveCfg = Debug|Any CPU
		{A76D481C-B837-44A7-9FE9-425A3838A77D}.Debug|Any CPU.Build.0 = Debug|Any CPU
		{A76D481C-B837-44A7-9FE9-425A3838A77D}.Release|Any CPU.ActiveCfg = Release|Any CPU
		{A76D481C-B837-44A7-9FE9-425A3838A77D}.Release|Any CPU.Build.0 = Release|Any CPU
	EndGlobalSection
	GlobalSection(SolutionProperties) = preSolution
		HideSolutionNode = FALSE
	EndGlobalSection
EndGlobal
